<?xml version="1.0" encoding="utf-8"?>
<Project ToolsVersion="4.0" xmlns="http://schemas.microsoft.com/developer/msbuild/2003">
  <ItemGroup>
    <ClCompile Include="Source\Main.cpp" />
    <ClCompile Include="Source\App.cpp" />
    <ClCompile Include="Source\Log.cpp">
      <Filter>Utils</Filter>
    </ClCompile>
    <ClCompile Include="Source\External\PugiXml\src\pugixml.cpp">
      <Filter>External\PugiXml</Filter>
    </ClCompile>
    <ClCompile Include="Source\Timer.cpp">
      <Filter>Utils</Filter>
    </ClCompile>
    <ClCompile Include="Source\PerfTimer.cpp">
      <Filter>Utils</Filter>
    </ClCompile>
    <ClCompile Include="Source\Logo.cpp">
      <Filter>Scenes</Filter>
    </ClCompile>
    <ClCompile Include="Source\Cantina.cpp">
      <Filter>Scenes</Filter>
    </ClCompile>
    <ClCompile Include="Source\Title.cpp">
      <Filter>Scenes</Filter>
    </ClCompile>
    <ClCompile Include="Source\Audio.cpp">
      <Filter>Modules</Filter>
    </ClCompile>
    <ClCompile Include="Source\Input.cpp">
      <Filter>Modules</Filter>
    </ClCompile>
    <ClCompile Include="Source\Render.cpp">
      <Filter>Modules</Filter>
    </ClCompile>
    <ClCompile Include="Source\SceneManager.cpp">
      <Filter>Modules</Filter>
    </ClCompile>
    <ClCompile Include="Source\Textures.cpp">
      <Filter>Modules</Filter>
    </ClCompile>
    <ClCompile Include="Source\Window.cpp">
      <Filter>Modules</Filter>
    </ClCompile>
    <ClCompile Include="Source\EntityManager.cpp">
      <Filter>Modules</Filter>
    </ClCompile>
    <ClCompile Include="Source\Battle.cpp">
      <Filter>Scenes</Filter>
    </ClCompile>
    <ClCompile Include="Source\GuiManager.cpp">
      <Filter>Modules</Filter>
    </ClCompile>
    <ClCompile Include="Source\GuiButton.cpp">
      <Filter>GuiControl</Filter>
    </ClCompile>
    <ClCompile Include="Source\GuiCheckBox.cpp">
      <Filter>GuiControl</Filter>
    </ClCompile>
    <ClCompile Include="Source\GuiSlider.cpp">
      <Filter>GuiControl</Filter>
    </ClCompile>
    <ClCompile Include="Source\Map.cpp">
      <Filter>Entities</Filter>
    </ClCompile>
    <ClCompile Include="Source\Player.cpp">
      <Filter>Entities</Filter>
    </ClCompile>
    <ClCompile Include="Source\MutantRat.cpp">
      <Filter>Entities\Enemies</Filter>
    </ClCompile>
    <ClCompile Include="Source\GiantBat.cpp">
      <Filter>Entities\Enemies</Filter>
    </ClCompile>
    <ClCompile Include="Source\DrunkCustomer.cpp">
      <Filter>Entities\Enemies</Filter>
    </ClCompile>
    <ClCompile Include="Source\Wc.cpp">
      <Filter>Scenes</Filter>
    </ClCompile>
    <ClCompile Include="Source\Exterior.cpp">
      <Filter>Scenes</Filter>
    </ClCompile>
    <ClCompile Include="Source\Font.cpp">
      <Filter>Utils</Filter>
    </ClCompile>
    <ClCompile Include="Source\Speak.cpp">
      <Filter>Utils</Filter>
    </ClCompile>
    <ClCompile Include="Source\DialogSystem.cpp">
      <Filter>Modules</Filter>
    </ClCompile>
    <ClCompile Include="Source\OldCaptain.cpp">
      <Filter>Entities</Filter>
    </ClCompile>
    <ClCompile Include="Source\PauseMenu.cpp">
      <Filter>Scenes</Filter>
    </ClCompile>
    <ClCompile Include="Source\SaveFileManager.cpp">
      <Filter>Modules</Filter>
    </ClCompile>
    <ClCompile Include="Source\CookedPlate.cpp">
      <Filter>Entities\Items</Filter>
    </ClCompile>
    <ClCompile Include="Source\ElaboratedPlate.cpp">
      <Filter>Entities\Items</Filter>
    </ClCompile>
    <ClCompile Include="Source\Jug.cpp">
      <Filter>Entities\Items</Filter>
    </ClCompile>
    <ClCompile Include="Source\LargeRawMeat.cpp">
      <Filter>Entities\Items</Filter>
    </ClCompile>
    <ClCompile Include="Source\Pint.cpp">
      <Filter>Entities\Items</Filter>
    </ClCompile>
    <ClCompile Include="Source\RawMeat.cpp">
      <Filter>Entities\Items</Filter>
    </ClCompile>
    <ClCompile Include="Source\StrongRon.cpp">
      <Filter>Entities\Items</Filter>
    </ClCompile>
    <ClCompile Include="Source\StandardPirate.cpp">
      <Filter>Entities\Enemies</Filter>
    </ClCompile>
    <ClCompile Include="Source\DungeonExt.cpp">
      <Filter>Scenes</Filter>
    </ClCompile>
    <ClCompile Include="Source\DungeonF1.cpp">
      <Filter>Scenes</Filter>
    </ClCompile>
    <ClCompile Include="Source\DungeonF2.cpp">
      <Filter>Scenes</Filter>
    </ClCompile>
    <ClCompile Include="Source\OptionsMenu.cpp">
      <Filter>Scenes</Filter>
    </ClCompile>
    <ClCompile Include="Source\ItemsMenu.cpp">
      <Filter>Scenes</Filter>
    </ClCompile>
    <ClCompile Include="Source\EndDemo.cpp">
      <Filter>Scenes</Filter>
    </ClCompile>
  </ItemGroup>
  <ItemGroup>
    <ClInclude Include="Source\App.h" />
    <ClInclude Include="Source\Defs.h">
      <Filter>Utils</Filter>
    </ClInclude>
    <ClInclude Include="Source\DynArray.h">
      <Filter>Utils</Filter>
    </ClInclude>
    <ClInclude Include="Source\List.h">
      <Filter>Utils</Filter>
    </ClInclude>
    <ClInclude Include="Source\Log.h">
      <Filter>Utils</Filter>
    </ClInclude>
    <ClInclude Include="Source\Point.h">
      <Filter>Utils</Filter>
    </ClInclude>
    <ClInclude Include="Source\SString.h">
      <Filter>Utils</Filter>
    </ClInclude>
    <ClInclude Include="Source\External\PugiXml\src\pugiconfig.hpp">
      <Filter>External\PugiXml</Filter>
    </ClInclude>
    <ClInclude Include="Source\External\PugiXml\src\pugixml.hpp">
      <Filter>External\PugiXml</Filter>
    </ClInclude>
    <ClInclude Include="Source\Queue.h">
      <Filter>Utils</Filter>
    </ClInclude>
    <ClInclude Include="Source\Timer.h">
      <Filter>Utils</Filter>
    </ClInclude>
    <ClInclude Include="Source\PerfTimer.h">
      <Filter>Utils</Filter>
    </ClInclude>
    <ClInclude Include="Source\Logo.h">
      <Filter>Scenes</Filter>
    </ClInclude>
    <ClInclude Include="Source\Cantina.h">
      <Filter>Scenes</Filter>
    </ClInclude>
    <ClInclude Include="Source\Title.h">
      <Filter>Scenes</Filter>
    </ClInclude>
    <ClInclude Include="Source\Audio.h">
      <Filter>Modules</Filter>
    </ClInclude>
    <ClInclude Include="Source\Input.h">
      <Filter>Modules</Filter>
    </ClInclude>
    <ClInclude Include="Source\Module.h">
      <Filter>Modules</Filter>
    </ClInclude>
    <ClInclude Include="Source\Render.h">
      <Filter>Modules</Filter>
    </ClInclude>
    <ClInclude Include="Source\SceneManager.h">
      <Filter>Modules</Filter>
    </ClInclude>
    <ClInclude Include="Source\Textures.h">
      <Filter>Modules</Filter>
    </ClInclude>
    <ClInclude Include="Source\Window.h">
      <Filter>Modules</Filter>
    </ClInclude>
    <ClInclude Include="Source\Scene.h">
      <Filter>Scenes</Filter>
    </ClInclude>
    <ClInclude Include="Source\EntityManager.h">
      <Filter>Modules</Filter>
    </ClInclude>
    <ClInclude Include="Source\Battle.h">
      <Filter>Scenes</Filter>
    </ClInclude>
    <ClInclude Include="Source\GuiManager.h">
      <Filter>Modules</Filter>
    </ClInclude>
    <ClInclude Include="Source\GuiButton.h">
      <Filter>GuiControl</Filter>
    </ClInclude>
    <ClInclude Include="Source\GuiCheckBox.h">
      <Filter>GuiControl</Filter>
    </ClInclude>
    <ClInclude Include="Source\GuiControl.h">
      <Filter>GuiControl</Filter>
    </ClInclude>
    <ClInclude Include="Source\GuiSlider.h">
      <Filter>GuiControl</Filter>
    </ClInclude>
    <ClInclude Include="Source\Enemy.h">
      <Filter>Entities\Enemies</Filter>
    </ClInclude>
    <ClInclude Include="Source\Collision.h">
      <Filter>Utils</Filter>
    </ClInclude>
    <ClInclude Include="Source\Entity.h">
      <Filter>Entities</Filter>
    </ClInclude>
    <ClInclude Include="Source\Map.h">
      <Filter>Entities</Filter>
    </ClInclude>
    <ClInclude Include="Source\Player.h">
      <Filter>Entities</Filter>
    </ClInclude>
    <ClInclude Include="Source\MutantRat.h">
      <Filter>Entities\Enemies</Filter>
    </ClInclude>
    <ClInclude Include="Source\GiantBat.h">
      <Filter>Entities\Enemies</Filter>
    </ClInclude>
    <ClInclude Include="Source\DrunkCustomer.h">
      <Filter>Entities\Enemies</Filter>
    </ClInclude>
    <ClInclude Include="Source\Wc.h">
      <Filter>Scenes</Filter>
    </ClInclude>
    <ClInclude Include="Source\Exterior.h">
      <Filter>Scenes</Filter>
    </ClInclude>
    <ClInclude Include="Source\Font.h">
      <Filter>Utils</Filter>
    </ClInclude>
    <ClInclude Include="Source\Speak.h">
      <Filter>Utils</Filter>
    </ClInclude>
    <ClInclude Include="Source\Animation.h">
      <Filter>Utils</Filter>
    </ClInclude>
    <ClInclude Include="Source\DialogSystem.h">
      <Filter>Modules</Filter>
    </ClInclude>
    <ClInclude Include="Source\OldCaptain.h">
      <Filter>Entities</Filter>
    </ClInclude>
    <ClInclude Include="Source\PauseMenu.h">
      <Filter>Scenes</Filter>
    </ClInclude>
    <ClInclude Include="Source\SaveFileManager.h">
      <Filter>Modules</Filter>
    </ClInclude>
    <ClInclude Include="Source\Encrypt.h">
      <Filter>Utils</Filter>
    </ClInclude>
    <ClInclude Include="Source\CookedPlate.h">
      <Filter>Entities\Items</Filter>
    </ClInclude>
    <ClInclude Include="Source\ElaboratedPlate.h">
      <Filter>Entities\Items</Filter>
    </ClInclude>
    <ClInclude Include="Source\Item.h">
      <Filter>Entities\Items</Filter>
    </ClInclude>
    <ClInclude Include="Source\Jug.h">
      <Filter>Entities\Items</Filter>
    </ClInclude>
    <ClInclude Include="Source\LargeRawMeat.h">
      <Filter>Entities\Items</Filter>
    </ClInclude>
    <ClInclude Include="Source\Pint.h">
      <Filter>Entities\Items</Filter>
    </ClInclude>
    <ClInclude Include="Source\RawMeat.h">
      <Filter>Entities\Items</Filter>
    </ClInclude>
    <ClInclude Include="Source\StrongRon.h">
      <Filter>Entities\Items</Filter>
    </ClInclude>
    <ClInclude Include="Source\StandardPirate.h">
      <Filter>Entities\Enemies</Filter>
    </ClInclude>
    <ClInclude Include="Source\DungeonExt.h">
      <Filter>Scenes</Filter>
    </ClInclude>
    <ClInclude Include="Source\DungeonF1.h">
      <Filter>Scenes</Filter>
    </ClInclude>
    <ClInclude Include="Source\DungeonF2.h">
      <Filter>Scenes</Filter>
    </ClInclude>
    <ClInclude Include="Source\OptionsMenu.h">
      <Filter>Scenes</Filter>
    </ClInclude>
    <ClInclude Include="Source\easings.h">
      <Filter>Utils</Filter>
    </ClInclude>
    <ClInclude Include="Source\ItemsMenu.h">
      <Filter>Scenes</Filter>
    </ClInclude>
    <ClInclude Include="Source\EndDemo.h">
      <Filter>Scenes</Filter>
    </ClInclude>
  </ItemGroup>
  <ItemGroup>
    <Filter Include="External">
      <UniqueIdentifier>{83a966c7-b4bb-4eff-9c2c-3ff3c7b55a60}</UniqueIdentifier>
    </Filter>
    <Filter Include="Utils">
      <UniqueIdentifier>{2cad778a-d356-48b0-9fee-587f1bbb187e}</UniqueIdentifier>
    </Filter>
    <Filter Include="External\PugiXml">
      <UniqueIdentifier>{2855ff7f-53a1-413d-a75b-18b4ade921dd}</UniqueIdentifier>
    </Filter>
    <Filter Include="Scenes">
      <UniqueIdentifier>{2d5145fc-e8a3-4049-8138-d279ae7cdc27}</UniqueIdentifier>
    </Filter>
    <Filter Include="Modules">
      <UniqueIdentifier>{40ee06d7-29fe-4c7d-a207-2c36eb61ef67}</UniqueIdentifier>
    </Filter>
    <Filter Include="Entities">
      <UniqueIdentifier>{c65ed585-c4a4-409a-b10b-92611ac868a9}</UniqueIdentifier>
    </Filter>
    <Filter Include="GuiControl">
      <UniqueIdentifier>{b5df4405-b085-46e4-9abb-378054332e7b}</UniqueIdentifier>
    </Filter>
    <Filter Include="Entities\Enemies">
      <UniqueIdentifier>{d2364ebb-34b6-4d31-a6af-b80b2f7d8a57}</UniqueIdentifier>
    </Filter>
    <Filter Include="Entities\Items">
      <UniqueIdentifier>{047dcbff-3347-4cc7-a7d5-2b2d5e0df3d0}</UniqueIdentifier>
    </Filter>
  </ItemGroup>
</Project>